{
  "version": 4,
  "terraform_version": "0.12.28",
  "serial": 45,
  "lineage": "2f9353b1-37d2-dc09-6e9d-b09a7305db50",
  "outputs": {},
  "resources": [
    {
      "mode": "managed",
      "type": "aws_instance",
      "name": "ddwd",
      "provider": "provider.aws",
      "instances": [
        {
          "schema_version": 1,
          "attributes": {
            "ami": "ami-0ac80df6eff0e70b5",
            "arn": "arn:aws:ec2:us-east-1:173376739483:instance/i-0181bd7e4797c060e",
            "associate_public_ip_address": true,
            "availability_zone": "us-east-1e",
            "cpu_core_count": 1,
            "cpu_threads_per_core": 1,
            "credit_specification": [
              {
                "cpu_credits": "standard"
              }
            ],
            "disable_api_termination": false,
            "ebs_block_device": [],
            "ebs_optimized": false,
            "ephemeral_block_device": [],
            "get_password_data": false,
            "hibernation": false,
            "host_id": null,
            "iam_instance_profile": "",
            "id": "i-0181bd7e4797c060e",
            "instance_initiated_shutdown_behavior": null,
            "instance_state": "running",
            "instance_type": "t2.micro",
            "ipv6_address_count": 0,
            "ipv6_addresses": [],
            "key_name": "terraform",
            "metadata_options": [
              {
                "http_endpoint": "enabled",
                "http_put_response_hop_limit": 1,
                "http_tokens": "optional"
              }
            ],
            "monitoring": false,
            "network_interface": [],
            "network_interface_id": null,
            "outpost_arn": "",
            "password_data": "",
            "placement_group": "",
            "primary_network_interface_id": "eni-0699ebf7f1e6bea30",
            "private_dns": "ip-172-31-61-228.ec2.internal",
            "private_ip": "172.31.61.228",
            "public_dns": "ec2-54-173-77-226.compute-1.amazonaws.com",
            "public_ip": "54.173.77.226",
            "root_block_device": [
              {
                "delete_on_termination": true,
                "device_name": "/dev/sda1",
                "encrypted": false,
                "iops": 100,
                "kms_key_id": "",
                "volume_id": "vol-0db31227171060ed4",
                "volume_size": 8,
                "volume_type": "gp2"
              }
            ],
            "security_groups": [
              "ddwd-test-environment"
            ],
            "source_dest_check": true,
            "subnet_id": "subnet-0e81c50043448efe1",
            "tags": {},
            "tenancy": "default",
            "timeouts": null,
            "user_data": null,
            "user_data_base64": null,
            "volume_tags": {},
            "vpc_security_group_ids": [
              "sg-0d6e64ef165008edd"
            ]
          },
          "private": "eyJlMmJmYjczMC1lY2FhLTExZTYtOGY4OC0zNDM2M2JjN2M0YzAiOnsiY3JlYXRlIjo2MDAwMDAwMDAwMDAsImRlbGV0ZSI6MTIwMDAwMDAwMDAwMCwidXBkYXRlIjo2MDAwMDAwMDAwMDB9LCJzY2hlbWFfdmVyc2lvbiI6IjEifQ==",
          "dependencies": [
            "aws_key_pair.ddwd"
          ]
        }
      ]
    },
    {
      "mode": "managed",
      "type": "aws_instance",
      "name": "remote-desktop",
      "provider": "provider.aws",
      "instances": [
        {
          "status": "tainted",
          "schema_version": 1,
          "attributes": {
            "ami": "ami-0ac80df6eff0e70b5",
            "arn": "arn:aws:ec2:us-east-1:173376739483:instance/i-0023e3ddbe1850b56",
            "associate_public_ip_address": true,
            "availability_zone": "us-east-1c",
            "cpu_core_count": 1,
            "cpu_threads_per_core": 1,
            "credit_specification": [
              {
                "cpu_credits": "standard"
              }
            ],
            "disable_api_termination": false,
            "ebs_block_device": [],
            "ebs_optimized": false,
            "ephemeral_block_device": [],
            "get_password_data": false,
            "hibernation": false,
            "host_id": null,
            "iam_instance_profile": "",
            "id": "i-0023e3ddbe1850b56",
            "instance_initiated_shutdown_behavior": null,
            "instance_state": "running",
            "instance_type": "t2.micro",
            "ipv6_address_count": 0,
            "ipv6_addresses": [],
            "key_name": "terraform",
            "metadata_options": [
              {
                "http_endpoint": "enabled",
                "http_put_response_hop_limit": 1,
                "http_tokens": "optional"
              }
            ],
            "monitoring": false,
            "network_interface": [],
            "network_interface_id": null,
            "outpost_arn": "",
            "password_data": "",
            "placement_group": "",
            "primary_network_interface_id": "eni-06fd3f3a9633d7522",
            "private_dns": "ip-172-31-45-141.ec2.internal",
            "private_ip": "172.31.45.141",
            "public_dns": "ec2-54-175-104-49.compute-1.amazonaws.com",
            "public_ip": "54.175.104.49",
            "root_block_device": [
              {
                "delete_on_termination": true,
                "device_name": "/dev/sda1",
                "encrypted": false,
                "iops": 100,
                "kms_key_id": "",
                "volume_id": "vol-094068a54e6c0df98",
                "volume_size": 8,
                "volume_type": "gp2"
              }
            ],
            "security_groups": [
              "remote-desktop-vnc-viewer"
            ],
            "source_dest_check": true,
            "subnet_id": "subnet-0afc6c5c65cc505c5",
            "tags": null,
            "tenancy": "default",
            "timeouts": null,
            "user_data": null,
            "user_data_base64": null,
            "volume_tags": {},
            "vpc_security_group_ids": [
              "sg-0c140295c3f409fb2"
            ]
          },
          "private": "eyJlMmJmYjczMC1lY2FhLTExZTYtOGY4OC0zNDM2M2JjN2M0YzAiOnsiY3JlYXRlIjo2MDAwMDAwMDAwMDAsImRlbGV0ZSI6MTIwMDAwMDAwMDAwMCwidXBkYXRlIjo2MDAwMDAwMDAwMDB9LCJzY2hlbWFfdmVyc2lvbiI6IjEifQ==",
          "dependencies": [
            "aws_instance.ddwd",
            "aws_key_pair.ddwd"
          ]
        }
      ]
    },
    {
      "mode": "managed",
      "type": "aws_key_pair",
      "name": "ddwd",
      "provider": "provider.aws",
      "instances": [
        {
          "schema_version": 1,
          "attributes": {
            "arn": "arn:aws:ec2:us-east-1:173376739483:key-pair/terraform",
            "fingerprint": "75:2e:64:f9:be:54:65:a4:ce:1b:38:b5:45:2a:e6:95",
            "id": "terraform",
            "key_name": "terraform",
            "key_name_prefix": null,
            "key_pair_id": "key-0cd62eb135232156b",
            "public_key": "ssh-rsa AAAAB3NzaC1yc2EAAAADAQABAAABgQDoDYzJX2xgztrjBUv+BWvw/EivGzR0ua04uSgEyGINmA82AY1niG0BdhvS8vusJya83hJPPfMIj4umtTpus+anqNNyEEZNZ76lScb6WmGFvZMbsn3y7GQDucLzQNaRPv2VVEkIJjAq4TMIJKxI9D+1khxzwbJkMLSeKIPHYqrw85S8JJPKsG3+Y9YK+rJWWF4/yRxkZuBWFXG9az/JDRvA6yfVY/K07uOOk0Kwm/qvh6/uyPU5UK91We0/omLSVTIN3R3R/iCC63hc+qw+1snXWOIDc98YLkJFwehgZwX9B/iMV8dJ+wv/DjO/kjSgk7c9HBqVg6XgC/C8VQCzBkBmf9EYVVbEpBGqLhbgd2Fu2j6y86Y9z3q/M5M+TIX2k4+UtvZXd3SEsctBPsDtXV1t1X9YMKRjp8sDTR8b/pcozNUAuhpGUrKAyUGFyDxs0OVxgC3h4yUzWlicKlAJo9piaMvzoa1vYFXEm9NvpO91NQtrpm4m/oiI9lkmQnCnbi0= Piepongwong@LAPTOP-8LIR3JLH",
            "tags": {}
          },
          "private": "eyJzY2hlbWFfdmVyc2lvbiI6IjEifQ=="
        }
      ]
    }
  ]
}
