{
  "version": 4,
  "terraform_version": "0.12.29",
  "serial": 76,
  "lineage": "ded43526-1074-5e0a-4abf-b1dcc6041294",
  "outputs": {
    "ec2_ip_addresses": {
      "value": [
        [
          "54.93.127.176"
        ]
      ],
      "type": [
        "tuple",
        [
          [
            "tuple",
            [
              "string"
            ]
          ]
        ]
      ]
    },
    "mysql_db_host": {
      "value": "terraform-20200810141911916400000002.cf0o1nyizsus.eu-central-1.rds.amazonaws.com",
      "type": "string"
    },
    "s3_bucket_name": {
      "value": "ddwd-prod-2037571d7d317909.s3.amazonaws.com",
      "type": "string"
    }
  },
  "resources": [
    {
      "mode": "managed",
      "type": "aws_db_instance",
      "name": "ddwd",
      "provider": "provider.aws",
      "instances": [
        {
          "schema_version": 1,
          "attributes": {
            "address": "terraform-20200810141911916400000002.cf0o1nyizsus.eu-central-1.rds.amazonaws.com",
            "allocated_storage": 20,
            "allow_major_version_upgrade": null,
            "apply_immediately": null,
            "arn": "arn:aws:rds:eu-central-1:181603217222:db:terraform-20200810141911916400000002",
            "auto_minor_version_upgrade": true,
            "availability_zone": "eu-central-1b",
            "backup_retention_period": 3,
            "backup_window": "21:43-22:13",
            "ca_cert_identifier": "rds-ca-2019",
            "character_set_name": null,
            "copy_tags_to_snapshot": false,
            "db_subnet_group_name": "default",
            "delete_automated_backups": true,
            "deletion_protection": false,
            "domain": "",
            "domain_iam_role_name": "",
            "enabled_cloudwatch_logs_exports": [],
            "endpoint": "terraform-20200810141911916400000002.cf0o1nyizsus.eu-central-1.rds.amazonaws.com:3306",
            "engine": "mysql",
            "engine_version": "5.7.26",
            "final_snapshot_identifier": "ddwd",
            "hosted_zone_id": "Z1RLNUO7B9Q6NB",
            "iam_database_authentication_enabled": false,
            "id": "terraform-20200810141911916400000002",
            "identifier": "terraform-20200810141911916400000002",
            "identifier_prefix": null,
            "instance_class": "db.t2.micro",
            "iops": 0,
            "kms_key_id": "",
            "license_model": "general-public-license",
            "maintenance_window": "wed:04:18-wed:04:48",
            "max_allocated_storage": 0,
            "monitoring_interval": 0,
            "monitoring_role_arn": "",
            "multi_az": false,
            "name": "dandoe_se5",
            "option_group_name": "default:mysql-5-7",
            "parameter_group_name": "default.mysql5.7",
            "password": "hBKBZr53GDEfFVsjwSMP",
            "performance_insights_enabled": false,
            "performance_insights_kms_key_id": "",
            "performance_insights_retention_period": 0,
            "port": 3306,
            "publicly_accessible": true,
            "replicas": [],
            "replicate_source_db": "",
            "resource_id": "db-G6XZNGIESIPHG6TKBNTMK26GYM",
            "s3_import": [],
            "security_group_names": [],
            "skip_final_snapshot": true,
            "snapshot_identifier": null,
            "status": "available",
            "storage_encrypted": false,
            "storage_type": "gp2",
            "tags": {
              "Name": "ddwd-prod"
            },
            "timeouts": null,
            "timezone": "",
            "username": "DANDOE_ROOT",
            "vpc_security_group_ids": [
              "sg-d2e2efa9"
            ]
          },
          "private": "eyJlMmJmYjczMC1lY2FhLTExZTYtOGY4OC0zNDM2M2JjN2M0YzAiOnsiY3JlYXRlIjoyNDAwMDAwMDAwMDAwLCJkZWxldGUiOjI0MDAwMDAwMDAwMDAsInVwZGF0ZSI6NDgwMDAwMDAwMDAwMH0sInNjaGVtYV92ZXJzaW9uIjoiMSJ9"
        }
      ]
    },
    {
      "mode": "managed",
      "type": "aws_default_vpc",
      "name": "default",
      "provider": "provider.aws",
      "instances": [
        {
          "schema_version": 1,
          "attributes": {
            "arn": "arn:aws:ec2:eu-central-1:181603217222:vpc/vpc-0d53f067",
            "assign_generated_ipv6_cidr_block": false,
            "cidr_block": "172.31.0.0/16",
            "default_network_acl_id": "acl-67344b0d",
            "default_route_table_id": "rtb-c84266a2",
            "default_security_group_id": "sg-d2e2efa9",
            "dhcp_options_id": "dopt-21f4564b",
            "enable_classiclink": null,
            "enable_classiclink_dns_support": null,
            "enable_dns_hostnames": true,
            "enable_dns_support": true,
            "id": "vpc-0d53f067",
            "instance_tenancy": "default",
            "ipv6_association_id": "",
            "ipv6_cidr_block": "",
            "main_route_table_id": "rtb-c84266a2",
            "owner_id": "181603217222",
            "tags": {
              "Name": "Default VPC"
            }
          },
          "private": "eyJzY2hlbWFfdmVyc2lvbiI6IjEifQ=="
        }
      ]
    },
    {
      "mode": "managed",
      "type": "aws_iam_instance_profile",
      "name": "ec2_s3_role",
      "provider": "provider.aws",
      "instances": [
        {
          "schema_version": 0,
          "attributes": {
            "arn": "arn:aws:iam::181603217222:instance-profile/ec2-s3-access",
            "create_date": "2020-08-10T12:31:49Z",
            "id": "ec2-s3-access",
            "name": "ec2-s3-access",
            "name_prefix": null,
            "path": "/",
            "role": "ddwd_ec2_s3_access",
            "unique_id": "AIPASUSDFF5DOR4ZWQXCA"
          },
          "private": "bnVsbA==",
          "dependencies": [
            "aws_iam_role.ec2_s3_access"
          ]
        }
      ]
    },
    {
      "mode": "managed",
      "type": "aws_iam_role",
      "name": "ec2_s3_access",
      "provider": "provider.aws",
      "instances": [
        {
          "schema_version": 0,
          "attributes": {
            "arn": "arn:aws:iam::181603217222:role/ddwd_ec2_s3_access",
            "assume_role_policy": "{\"Version\":\"2012-10-17\",\"Statement\":[{\"Sid\":\"\",\"Effect\":\"Allow\",\"Principal\":{\"Service\":\"ec2.amazonaws.com\"},\"Action\":\"sts:AssumeRole\"}]}",
            "create_date": "2020-08-10T12:31:48Z",
            "description": "",
            "force_detach_policies": false,
            "id": "ddwd_ec2_s3_access",
            "max_session_duration": 3600,
            "name": "ddwd_ec2_s3_access",
            "name_prefix": null,
            "path": "/",
            "permissions_boundary": null,
            "tags": {
              "tag-key": "tag-value"
            },
            "unique_id": "AROASUSDFF5DKHAQM725X"
          },
          "private": "bnVsbA=="
        }
      ]
    },
    {
      "mode": "managed",
      "type": "aws_iam_role_policy",
      "name": "s3_bucket_policy",
      "provider": "provider.aws",
      "instances": [
        {
          "schema_version": 0,
          "attributes": {
            "id": "ddwd_ec2_s3_access:ddwd_full_bucket_access",
            "name": "ddwd_full_bucket_access",
            "name_prefix": null,
            "policy": "{\n  \"Version\": \"2012-10-17\",\n  \"Statement\": [\n    {\n      \"Action\": [\n        \"s3:*\"\n      ],\n      \"Effect\": \"Allow\",\n      \"Resource\": [\n        \"arn:aws:s3:::ddwd-prod-2037571d7d317909\",\n        \"arn:aws:s3:::ddwd-prod-2037571d7d317909/*\"\n      ]\n    }\n  ]\n}\n",
            "role": "ddwd_ec2_s3_access"
          },
          "private": "bnVsbA==",
          "dependencies": [
            "aws_iam_role.ec2_s3_access",
            "aws_s3_bucket.ddwd"
          ]
        }
      ]
    },
    {
      "mode": "managed",
      "type": "aws_instance",
      "name": "ddwd",
      "provider": "provider.aws",
      "instances": [
        {
          "schema_version": 1,
          "attributes": {
            "ami": "ami-0668176b7d648cc1c",
            "arn": "arn:aws:ec2:eu-central-1:181603217222:instance/i-0f7a7cbb82a5a34ef",
            "associate_public_ip_address": true,
            "availability_zone": "eu-central-1b",
            "cpu_core_count": 1,
            "cpu_threads_per_core": 1,
            "credit_specification": [
              {
                "cpu_credits": "standard"
              }
            ],
            "disable_api_termination": false,
            "ebs_block_device": [],
            "ebs_optimized": false,
            "ephemeral_block_device": [],
            "get_password_data": false,
            "hibernation": false,
            "host_id": null,
            "iam_instance_profile": "ec2-s3-access",
            "id": "i-0f7a7cbb82a5a34ef",
            "instance_initiated_shutdown_behavior": null,
            "instance_state": "running",
            "instance_type": "t2.micro",
            "ipv6_address_count": 0,
            "ipv6_addresses": [],
            "key_name": "terraform-prod",
            "metadata_options": [
              {
                "http_endpoint": "enabled",
                "http_put_response_hop_limit": 1,
                "http_tokens": "optional"
              }
            ],
            "monitoring": false,
            "network_interface": [],
            "outpost_arn": "",
            "password_data": "",
            "placement_group": "",
            "primary_network_interface_id": "eni-0a5920e4eda31f801",
            "private_dns": "ip-172-31-33-14.eu-central-1.compute.internal",
            "private_ip": "172.31.33.14",
            "public_dns": "ec2-54-93-127-176.eu-central-1.compute.amazonaws.com",
            "public_ip": "54.93.127.176",
            "root_block_device": [
              {
                "delete_on_termination": true,
                "device_name": "/dev/sda1",
                "encrypted": false,
                "iops": 100,
                "kms_key_id": "",
                "volume_id": "vol-041c6c53132a59c98",
                "volume_size": 16,
                "volume_type": "gp2"
              }
            ],
            "secondary_private_ips": [],
            "security_groups": [
              "ddwd-ec2-sg"
            ],
            "source_dest_check": true,
            "subnet_id": "subnet-86f839fa",
            "tags": {
              "Name": "ddwd-prod-web-node"
            },
            "tenancy": "default",
            "timeouts": null,
            "user_data": null,
            "user_data_base64": null,
            "volume_tags": {},
            "vpc_security_group_ids": [
              "sg-0cfad7d8bab34199d"
            ]
          },
          "private": "eyJlMmJmYjczMC1lY2FhLTExZTYtOGY4OC0zNDM2M2JjN2M0YzAiOnsiY3JlYXRlIjo2MDAwMDAwMDAwMDAsImRlbGV0ZSI6MTIwMDAwMDAwMDAwMCwidXBkYXRlIjo2MDAwMDAwMDAwMDB9LCJzY2hlbWFfdmVyc2lvbiI6IjEifQ==",
          "dependencies": [
            "aws_db_instance.ddwd",
            "aws_iam_instance_profile.ec2_s3_role",
            "aws_key_pair.ddwd",
            "aws_s3_bucket.ddwd",
            "aws_security_group.ec2"
          ]
        }
      ]
    },
    {
      "mode": "managed",
      "type": "aws_key_pair",
      "name": "ddwd",
      "provider": "provider.aws",
      "instances": [
        {
          "schema_version": 1,
          "attributes": {
            "arn": "arn:aws:ec2:eu-central-1:181603217222:key-pair/terraform-prod",
            "fingerprint": "54:83:c0:7d:2e:62:3b:7a:3a:c5:68:96:64:38:9c:da",
            "id": "terraform-prod",
            "key_name": "terraform-prod",
            "key_name_prefix": null,
            "key_pair_id": "key-01bbef782227f8a22",
            "public_key": "ssh-rsa AAAAB3NzaC1yc2EAAAADAQABAAABgQCyUKO7ATZ3zTLai4onGTZM22FHoYth8vWtyYYsJsq3yWUTb3g31+5OBqQ2JtTSQjRkQ5F3Kpxl8FJldMBIrQcniKeB7+3Q9rhL8P6TVEDJBIYPCKwjl6Ekwxfw3Dc8Oz4dCZMp/MzRRetq/4vsmOi+BA2W7exY7H4naERRHp7O91PD/eMJ7cn3+Z3BUMuF1tl0Cs2rmnrxHpbBqxeFl/euONrzFCTqLEbI5Tl5pT9h5yFcK88x4DdLgvRyBXQY2ymEX88taZPWrgdU3WGz2tKGbS1WaSKYPSXkwUtXUT3GjETZmQrmr8ODh2KNg4KplW1QywdPenJ6G1IUHpE78Ylo7fbbsbuO1RT7YAVDv+9rYb9m4NOBmNbvDMLTuSmRHVmc40E1VwvbQmgkvng8mkYTFGIoslTjE7bQ4z+OWejR5rsUSPMXalgdl09i5El0or1vMfrMYzJPYiI1wWmO4zHFmiCyz2Er8qXgcM6RdQ2I23ODR5b1AAU/j0Y+MqawTik= piepongwong@macbook-pro-8.home",
            "tags": {}
          },
          "private": "eyJzY2hlbWFfdmVyc2lvbiI6IjEifQ=="
        }
      ]
    },
    {
      "mode": "managed",
      "type": "aws_route53_record",
      "name": "ddwd",
      "provider": "provider.aws",
      "instances": [
        {
          "schema_version": 2,
          "attributes": {
            "alias": [],
            "allow_overwrite": null,
            "failover_routing_policy": [],
            "fqdn": "dandoenwedat.com",
            "geolocation_routing_policy": [],
            "health_check_id": "",
            "id": "Z06809433UVQBBUGP4GLH_dandoenwedat.com_A",
            "latency_routing_policy": [],
            "multivalue_answer_routing_policy": null,
            "name": "dandoenwedat.com",
            "records": [
              "54.93.127.176"
            ],
            "set_identifier": "",
            "ttl": 300,
            "type": "A",
            "weighted_routing_policy": [],
            "zone_id": "Z06809433UVQBBUGP4GLH"
          },
          "private": "eyJzY2hlbWFfdmVyc2lvbiI6IjIifQ==",
          "dependencies": [
            "aws_instance.ddwd",
            "aws_route53_zone.ddwd"
          ]
        }
      ]
    },
    {
      "mode": "managed",
      "type": "aws_route53_record",
      "name": "ddwd-all",
      "provider": "provider.aws",
      "instances": [
        {
          "schema_version": 2,
          "attributes": {
            "alias": [],
            "allow_overwrite": null,
            "failover_routing_policy": [],
            "fqdn": "*.dandoenwedat.com",
            "geolocation_routing_policy": [],
            "health_check_id": "",
            "id": "Z06809433UVQBBUGP4GLH_*.dandoenwedat.com_A",
            "latency_routing_policy": [],
            "multivalue_answer_routing_policy": null,
            "name": "*.dandoenwedat.com",
            "records": [
              "54.93.127.176"
            ],
            "set_identifier": "",
            "ttl": 300,
            "type": "A",
            "weighted_routing_policy": [],
            "zone_id": "Z06809433UVQBBUGP4GLH"
          },
          "private": "eyJzY2hlbWFfdmVyc2lvbiI6IjIifQ==",
          "dependencies": [
            "aws_instance.ddwd",
            "aws_route53_zone.ddwd"
          ]
        }
      ]
    },
    {
      "mode": "managed",
      "type": "aws_route53_record",
      "name": "ddwd-www",
      "provider": "provider.aws",
      "instances": [
        {
          "schema_version": 2,
          "attributes": {
            "alias": [],
            "allow_overwrite": null,
            "failover_routing_policy": [],
            "fqdn": "www.dandoenwedat.com",
            "geolocation_routing_policy": [],
            "health_check_id": "",
            "id": "Z06809433UVQBBUGP4GLH_www.dandoenwedat.com_A",
            "latency_routing_policy": [],
            "multivalue_answer_routing_policy": null,
            "name": "www.dandoenwedat.com",
            "records": [
              "54.93.127.176"
            ],
            "set_identifier": "",
            "ttl": 300,
            "type": "A",
            "weighted_routing_policy": [],
            "zone_id": "Z06809433UVQBBUGP4GLH"
          },
          "private": "eyJzY2hlbWFfdmVyc2lvbiI6IjIifQ==",
          "dependencies": [
            "aws_instance.ddwd",
            "aws_route53_zone.ddwd"
          ]
        }
      ]
    },
    {
      "mode": "managed",
      "type": "aws_route53_zone",
      "name": "ddwd",
      "provider": "provider.aws",
      "instances": [
        {
          "schema_version": 0,
          "attributes": {
            "comment": "Managed by Terraform",
            "delegation_set_id": "",
            "force_destroy": false,
            "id": "Z06809433UVQBBUGP4GLH",
            "name": "dandoenwedat.com",
            "name_servers": [
              "ns-1398.awsdns-46.org",
              "ns-1783.awsdns-30.co.uk",
              "ns-277.awsdns-34.com",
              "ns-663.awsdns-18.net"
            ],
            "tags": {},
            "vpc": [],
            "zone_id": "Z06809433UVQBBUGP4GLH"
          },
          "private": "bnVsbA=="
        }
      ]
    },
    {
      "mode": "managed",
      "type": "aws_s3_bucket",
      "name": "ddwd",
      "provider": "provider.aws",
      "instances": [
        {
          "schema_version": 0,
          "attributes": {
            "acceleration_status": "",
            "acl": "public-read",
            "arn": "arn:aws:s3:::ddwd-prod-2037571d7d317909",
            "bucket": "ddwd-prod-2037571d7d317909",
            "bucket_domain_name": "ddwd-prod-2037571d7d317909.s3.amazonaws.com",
            "bucket_prefix": null,
            "bucket_regional_domain_name": "ddwd-prod-2037571d7d317909.s3.eu-central-1.amazonaws.com",
            "cors_rule": [],
            "force_destroy": false,
            "grant": [],
            "hosted_zone_id": "Z21DNDUVLTQW6Q",
            "id": "ddwd-prod-2037571d7d317909",
            "lifecycle_rule": [],
            "logging": [],
            "object_lock_configuration": [],
            "policy": "{\"Id\":\"BucketPolicy\",\"Statement\":[{\"Action\":\"s3:GetObject\",\"Effect\":\"Allow\",\"Principal\":\"*\",\"Resource\":[\"arn:aws:s3:::ddwd-prod-2037571d7d317909\",\"arn:aws:s3:::ddwd-prod-2037571d7d317909/*\"],\"Sid\":\"AllAccess\"}],\"Version\":\"2012-10-17\"}",
            "region": "eu-central-1",
            "replication_configuration": [],
            "request_payer": "BucketOwner",
            "server_side_encryption_configuration": [],
            "tags": {
              "Environment": "prod",
              "Name": "ddwd public dir"
            },
            "versioning": [
              {
                "enabled": false,
                "mfa_delete": false
              }
            ],
            "website": [],
            "website_domain": null,
            "website_endpoint": null
          },
          "private": "bnVsbA==",
          "dependencies": [
            "random_id.id"
          ]
        }
      ]
    },
    {
      "mode": "managed",
      "type": "aws_security_group",
      "name": "ec2",
      "provider": "provider.aws",
      "instances": [
        {
          "schema_version": 1,
          "attributes": {
            "arn": "arn:aws:ec2:eu-central-1:181603217222:security-group/sg-0cfad7d8bab34199d",
            "description": "EC2 security group (terraform-managed)",
            "egress": [
              {
                "cidr_blocks": [
                  "0.0.0.0/0"
                ],
                "description": "",
                "from_port": 0,
                "ipv6_cidr_blocks": [],
                "prefix_list_ids": [],
                "protocol": "-1",
                "security_groups": [],
                "self": false,
                "to_port": 0
              }
            ],
            "id": "sg-0cfad7d8bab34199d",
            "ingress": [
              {
                "cidr_blocks": [
                  "0.0.0.0/0"
                ],
                "description": "HTTP",
                "from_port": 80,
                "ipv6_cidr_blocks": [],
                "prefix_list_ids": [],
                "protocol": "tcp",
                "security_groups": [],
                "self": false,
                "to_port": 80
              },
              {
                "cidr_blocks": [
                  "0.0.0.0/0"
                ],
                "description": "HTTPS",
                "from_port": 443,
                "ipv6_cidr_blocks": [],
                "prefix_list_ids": [],
                "protocol": "tcp",
                "security_groups": [],
                "self": false,
                "to_port": 443
              },
              {
                "cidr_blocks": [
                  "0.0.0.0/0"
                ],
                "description": "Telnet",
                "from_port": 22,
                "ipv6_cidr_blocks": [],
                "prefix_list_ids": [],
                "protocol": "tcp",
                "security_groups": [],
                "self": false,
                "to_port": 22
              },
              {
                "cidr_blocks": [
                  "172.31.0.0/16"
                ],
                "description": "MySQL",
                "from_port": 3306,
                "ipv6_cidr_blocks": [],
                "prefix_list_ids": [],
                "protocol": "tcp",
                "security_groups": [],
                "self": false,
                "to_port": 3306
              }
            ],
            "name": "ddwd-ec2-sg",
            "name_prefix": "",
            "owner_id": "181603217222",
            "revoke_rules_on_delete": false,
            "tags": {},
            "timeouts": null,
            "vpc_id": "vpc-0d53f067"
          },
          "private": "eyJlMmJmYjczMC1lY2FhLTExZTYtOGY4OC0zNDM2M2JjN2M0YzAiOnsiY3JlYXRlIjo2MDAwMDAwMDAwMDAsImRlbGV0ZSI6NjAwMDAwMDAwMDAwfSwic2NoZW1hX3ZlcnNpb24iOiIxIn0=",
          "dependencies": [
            "aws_default_vpc.default"
          ]
        }
      ]
    },
    {
      "mode": "managed",
      "type": "random_id",
      "name": "id",
      "provider": "provider.random",
      "instances": [
        {
          "schema_version": 0,
          "attributes": {
            "b64_std": "IDdXHX0xeQk=",
            "b64_url": "IDdXHX0xeQk",
            "byte_length": 8,
            "dec": "2321419917098842377",
            "hex": "2037571d7d317909",
            "id": "IDdXHX0xeQk",
            "keepers": null,
            "prefix": null
          },
          "private": "bnVsbA=="
        }
      ]
    }
  ]
}
